PODS:
  - ObjectMapper (3.1.0)
  - SwiftyJSON (4.0.0)
  - TeslaKit (0.1.3):
    - ObjectMapper (~> 3.1)
    - SwiftyJSON (~> 4.0)

DEPENDENCIES:
  - ObjectMapper
  - SwiftyJSON
  - TeslaKit (from `./`)

EXTERNAL SOURCES:
  TeslaKit:
    :path: ./

SPEC CHECKSUMS:
  ObjectMapper: 20505058f54e5c3ca69e1d6de9897d152a5369a6
  SwiftyJSON: 070dabdcb1beb81b247c65ffa3a79dbbfb3b48aa
  TeslaKit: c766d55827bc55b99c21a4427fdf5e7de5014b78

PODFILE CHECKSUM: ae9506a13a69d47594a90b70f9b82855fcbffab0

COCOAPODS: 1.4.0.beta.2
