PODS:
  - ObjectMapper (3.5.1)
  - SwiftLint (0.38.1)
  - TeslaKit (2.5):
    - ObjectMapper (~> 3.3)

DEPENDENCIES:
  - ObjectMapper
  - SwiftLint
  - TeslaKit (from `./`)

SPEC REPOS:
  trunk:
    - ObjectMapper
    - SwiftLint

EXTERNAL SOURCES:
  TeslaKit:
    :path: "./"

SPEC CHECKSUMS:
  ObjectMapper: 70187b8941977c62ccfb423caf6b50be405cabf0
  SwiftLint: 0aeb99ca7ccfc222ef93e2560a35e669f5465e6c
  TeslaKit: 2d0d6562c11d6159bdeef073701691e34db1ad63

PODFILE CHECKSUM: d04fe61dd357b3df1364c1ec7364cdb42f39133c

COCOAPODS: 1.8.4
