PODS:
  - ObjectMapper (3.3.0)
  - SwiftLint (0.27.0)
  - TeslaKit (1.2):
    - ObjectMapper (~> 3.3)

DEPENDENCIES:
  - ObjectMapper (~> 3.3)
  - SwiftLint
  - TeslaKit (from `./`)

SPEC REPOS:
  https://github.com/cocoapods/specs.git:
    - ObjectMapper
    - SwiftLint

EXTERNAL SOURCES:
  TeslaKit:
    :path: "./"

SPEC CHECKSUMS:
  ObjectMapper: b612bf8c8e99c4dc0bb6013a51f7c27966ed5da9
  SwiftLint: 3207c1faa2240bf8973b191820a116113cd11073
  TeslaKit: 671157247848b301908011baffadc158fae2f500

PODFILE CHECKSUM: 3a15189ce664d37d9a6dc0144f52f62670e6c4d7

COCOAPODS: 1.5.3
