// !$*UTF8*$!
{
	archiveVersion = 1;
	classes = {
	};
	objectVersion = 48;
	objects = {

/* Begin PBXBuildFile section */
		1A01BD4043B74CBEA1DFF847 /* Pods_TeslaKit.framework in Frameworks */ = {isa = PBXBuildFile; fileRef = DA53F5C39BED55993B9DF9AF /* Pods_TeslaKit.framework */; };
		375D886C200ECEE000CD9D1E /* TeslaKit.h in Headers */ = {isa = PBXBuildFile; fileRef = 375D885E200ECEE000CD9D1E /* TeslaKit.h */; settings = {ATTRIBUTES = (Public, ); }; };
		375D889E200ECF2C00CD9D1E /* TKDataRequest.swift in Sources */ = {isa = PBXBuildFile; fileRef = 375D8877200ECF2C00CD9D1E /* TKDataRequest.swift */; };
		375D889F200ECF2C00CD9D1E /* TKError.swift in Sources */ = {isa = PBXBuildFile; fileRef = 375D8878200ECF2C00CD9D1E /* TKError.swift */; };
		375D88A0200ECF2C00CD9D1E /* TKChargingState.swift in Sources */ = {isa = PBXBuildFile; fileRef = 375D8879200ECF2C00CD9D1E /* TKChargingState.swift */; };
		375D88A1200ECF2C00CD9D1E /* TKShiftState.swift in Sources */ = {isa = PBXBuildFile; fileRef = 375D887A200ECF2C00CD9D1E /* TKShiftState.swift */; };
		375D88A2200ECF2C00CD9D1E /* TKPanoRoofState.swift in Sources */ = {isa = PBXBuildFile; fileRef = 375D887B200ECF2C00CD9D1E /* TKPanoRoofState.swift */; };
		375D88A3200ECF2C00CD9D1E /* TKCommand.swift in Sources */ = {isa = PBXBuildFile; fileRef = 375D887C200ECF2C00CD9D1E /* TKCommand.swift */; };
		375D88A4200ECF2C00CD9D1E /* TKVehicleStatus.swift in Sources */ = {isa = PBXBuildFile; fileRef = 375D887D200ECF2C00CD9D1E /* TKVehicleStatus.swift */; };
		375D88A5200ECF2C00CD9D1E /* TKHeading.swift in Sources */ = {isa = PBXBuildFile; fileRef = 375D887E200ECF2C00CD9D1E /* TKHeading.swift */; };
		375D88A6200ECF2C00CD9D1E /* TKGUISettings.swift in Sources */ = {isa = PBXBuildFile; fileRef = 375D8880200ECF2C00CD9D1E /* TKGUISettings.swift */; };
		375D88A7200ECF2C00CD9D1E /* TKSetChargeLimit.swift in Sources */ = {isa = PBXBuildFile; fileRef = 375D8881200ECF2C00CD9D1E /* TKSetChargeLimit.swift */; };
		375D88A8200ECF2C00CD9D1E /* TKStringArrayTransform.swift in Sources */ = {isa = PBXBuildFile; fileRef = 375D8882200ECF2C00CD9D1E /* TKStringArrayTransform.swift */; };
		375D88A9200ECF2C00CD9D1E /* TKVehicleCommand.swift in Sources */ = {isa = PBXBuildFile; fileRef = 375D8883200ECF2C00CD9D1E /* TKVehicleCommand.swift */; };
		375D88AA200ECF2C00CD9D1E /* VIN.swift in Sources */ = {isa = PBXBuildFile; fileRef = 375D8884200ECF2C00CD9D1E /* VIN.swift */; };
		375D88AB200ECF2C00CD9D1E /* TKVehicleOption.swift in Sources */ = {isa = PBXBuildFile; fileRef = 375D8885200ECF2C00CD9D1E /* TKVehicleOption.swift */; };
		375D88AC200ECF2C00CD9D1E /* TKChargeState.swift in Sources */ = {isa = PBXBuildFile; fileRef = 375D8886200ECF2C00CD9D1E /* TKChargeState.swift */; };
		375D88AD200ECF2C00CD9D1E /* TKRemoteStart.swift in Sources */ = {isa = PBXBuildFile; fileRef = 375D8887200ECF2C00CD9D1E /* TKRemoteStart.swift */; };
		375D88AE200ECF2C00CD9D1E /* TKVehicleOptionTransform.swift in Sources */ = {isa = PBXBuildFile; fileRef = 375D8888200ECF2C00CD9D1E /* TKVehicleOptionTransform.swift */; };
		375D88AF200ECF2C00CD9D1E /* Temperature.swift in Sources */ = {isa = PBXBuildFile; fileRef = 375D8889200ECF2C00CD9D1E /* Temperature.swift */; };
		375D88B0200ECF2C00CD9D1E /* TKMobileAccess.swift in Sources */ = {isa = PBXBuildFile; fileRef = 375D888A200ECF2C00CD9D1E /* TKMobileAccess.swift */; };
		375D88B1200ECF2C00CD9D1E /* VINComponent.swift in Sources */ = {isa = PBXBuildFile; fileRef = 375D888B200ECF2C00CD9D1E /* VINComponent.swift */; };
		375D88B2200ECF2C00CD9D1E /* TKSetTemperature.swift in Sources */ = {isa = PBXBuildFile; fileRef = 375D888C200ECF2C00CD9D1E /* TKSetTemperature.swift */; };
		375D88B3200ECF2C00CD9D1E /* VINTransform.swift in Sources */ = {isa = PBXBuildFile; fileRef = 375D888D200ECF2C00CD9D1E /* VINTransform.swift */; };
		375D88B4200ECF2C00CD9D1E /* TKMovePanoRoof.swift in Sources */ = {isa = PBXBuildFile; fileRef = 375D888E200ECF2C00CD9D1E /* TKMovePanoRoof.swift */; };
		375D88B5200ECF2C00CD9D1E /* TKResetValetPIN.swift in Sources */ = {isa = PBXBuildFile; fileRef = 375D888F200ECF2C00CD9D1E /* TKResetValetPIN.swift */; };
		375D88B6200ECF2C00CD9D1E /* TKDriveState.swift in Sources */ = {isa = PBXBuildFile; fileRef = 375D8890200ECF2C00CD9D1E /* TKDriveState.swift */; };
		375D88B7200ECF2C00CD9D1E /* TKVehicle.swift in Sources */ = {isa = PBXBuildFile; fileRef = 375D8891200ECF2C00CD9D1E /* TKVehicle.swift */; };
		375D88B8200ECF2C00CD9D1E /* TKClimateState.swift in Sources */ = {isa = PBXBuildFile; fileRef = 375D8892200ECF2C00CD9D1E /* TKClimateState.swift */; };
		375D88B9200ECF2C00CD9D1E /* TKVehicleCollection.swift in Sources */ = {isa = PBXBuildFile; fileRef = 375D8893200ECF2C00CD9D1E /* TKVehicleCollection.swift */; };
		375D88BA200ECF2C00CD9D1E /* TKVehicleState.swift in Sources */ = {isa = PBXBuildFile; fileRef = 375D8894200ECF2C00CD9D1E /* TKVehicleState.swift */; };
		375D88BB200ECF2C00CD9D1E /* TKAccessToken.swift in Sources */ = {isa = PBXBuildFile; fileRef = 375D8895200ECF2C00CD9D1E /* TKAccessToken.swift */; };
		375D88BD200ECF2C00CD9D1E /* TeslaAPI.swift in Sources */ = {isa = PBXBuildFile; fileRef = 375D8898200ECF2C00CD9D1E /* TeslaAPI.swift */; };
		375D88BF200ECF2C00CD9D1E /* TKDataResponse.swift in Sources */ = {isa = PBXBuildFile; fileRef = 375D889B200ECF2C00CD9D1E /* TKDataResponse.swift */; };
		375D88C0200ECF2C00CD9D1E /* EnumCollection.swift in Sources */ = {isa = PBXBuildFile; fileRef = 375D889C200ECF2C00CD9D1E /* EnumCollection.swift */; };
		375D88C1200ECF2C00CD9D1E /* TKMappable.swift in Sources */ = {isa = PBXBuildFile; fileRef = 375D889D200ECF2C00CD9D1E /* TKMappable.swift */; };
		37630B6320F9483600D17BD8 /* TKSpeedLimitSetPIN.swift in Sources */ = {isa = PBXBuildFile; fileRef = 37630B6220F9483500D17BD8 /* TKSpeedLimitSetPIN.swift */; };
		377E890F20F72539004E379A /* TKSpeedLimitMode.swift in Sources */ = {isa = PBXBuildFile; fileRef = 377E890E20F72539004E379A /* TKSpeedLimitMode.swift */; };
		377E891520F72F6B004E379A /* CommandTests.swift in Sources */ = {isa = PBXBuildFile; fileRef = 377E891420F72F6B004E379A /* CommandTests.swift */; };
		377E891A20F7341C004E379A /* TKSetSpeedLimit.swift in Sources */ = {isa = PBXBuildFile; fileRef = 377E891720F731A5004E379A /* TKSetSpeedLimit.swift */; };
		377E891B20F7342F004E379A /* TKOpenTrunk.swift in Sources */ = {isa = PBXBuildFile; fileRef = 377E891620F731A5004E379A /* TKOpenTrunk.swift */; };
		37D4BA8F20B7898B002009D7 /* TKRefreshToken.swift in Sources */ = {isa = PBXBuildFile; fileRef = 37D4BA8E20B7898B002009D7 /* TKRefreshToken.swift */; };
		37F658F120294A2C00AAD681 /* TKChargePortLatchState.swift in Sources */ = {isa = PBXBuildFile; fileRef = 37F658F020294A2C00AAD681 /* TKChargePortLatchState.swift */; };
		37FB3F202026533500409472 /* AppDelegate.swift in Sources */ = {isa = PBXBuildFile; fileRef = 37FB3F1F2026533500409472 /* AppDelegate.swift */; };
		37FB3F222026533500409472 /* ViewController.swift in Sources */ = {isa = PBXBuildFile; fileRef = 37FB3F212026533500409472 /* ViewController.swift */; };
		37FB3F252026533500409472 /* Main.storyboard in Resources */ = {isa = PBXBuildFile; fileRef = 37FB3F232026533500409472 /* Main.storyboard */; };
		37FB3F272026533500409472 /* Assets.xcassets in Resources */ = {isa = PBXBuildFile; fileRef = 37FB3F262026533500409472 /* Assets.xcassets */; };
		37FB3F2A2026533500409472 /* LaunchScreen.storyboard in Resources */ = {isa = PBXBuildFile; fileRef = 37FB3F282026533500409472 /* LaunchScreen.storyboard */; };
		37FB3F362026534600409472 /* TKTestCase.swift in Sources */ = {isa = PBXBuildFile; fileRef = 37FB3F352026534600409472 /* TKTestCase.swift */; };
		37FB3F3E2026553A00409472 /* VINTests.swift in Sources */ = {isa = PBXBuildFile; fileRef = 37FB3F3D2026553A00409472 /* VINTests.swift */; };
		37FB3F4F2026675700409472 /* TKChargeUnit.swift in Sources */ = {isa = PBXBuildFile; fileRef = 37FB3F412026672B00409472 /* TKChargeUnit.swift */; };
		37FB3F502026675700409472 /* TKDistanceUnit.swift in Sources */ = {isa = PBXBuildFile; fileRef = 37FB3F432026673800409472 /* TKDistanceUnit.swift */; };
		37FB3F512026675700409472 /* TKRangeDisplay.swift in Sources */ = {isa = PBXBuildFile; fileRef = 37FB3F452026674900409472 /* TKRangeDisplay.swift */; };
		37FB3F522026675700409472 /* TKTemperatureUnit.swift in Sources */ = {isa = PBXBuildFile; fileRef = 37FB3F3F202666FF00409472 /* TKTemperatureUnit.swift */; };
		37FB3F6A202668E000409472 /* TKVehicleConfig.swift in Sources */ = {isa = PBXBuildFile; fileRef = 37FB3F69202668E000409472 /* TKVehicleConfig.swift */; };
		46F1938A78A5AA95B2383DB4 /* Pods_Example.framework in Frameworks */ = {isa = PBXBuildFile; fileRef = 4FEB2BF7526EBC71C3A39AB2 /* Pods_Example.framework */; };
		55783557207D942600485D68 /* TestAccount.swift in Sources */ = {isa = PBXBuildFile; fileRef = 55783556207D942600485D68 /* TestAccount.swift */; };
		5578355B207D954C00485D68 /* ExpectationWait.swift in Sources */ = {isa = PBXBuildFile; fileRef = 5578355A207D954C00485D68 /* ExpectationWait.swift */; };
		5578355D207D95C600485D68 /* AuthTests.swift in Sources */ = {isa = PBXBuildFile; fileRef = 5578355C207D95C600485D68 /* AuthTests.swift */; };
		55783562207D972500485D68 /* VehicleTests.swift in Sources */ = {isa = PBXBuildFile; fileRef = 55783561207D972500485D68 /* VehicleTests.swift */; };
		BF359FFB1D27025904CD1EF2 /* Pods_Tests.framework in Frameworks */ = {isa = PBXBuildFile; fileRef = DA6A7B0DF8B1788EA7030ACE /* Pods_Tests.framework */; };
/* End PBXBuildFile section */

/* Begin PBXContainerItemProxy section */
		37D4BA9320B79190002009D7 /* PBXContainerItemProxy */ = {
			isa = PBXContainerItemProxy;
			containerPortal = 375D8852200ECEE000CD9D1E /* Project object */;
			proxyType = 1;
			remoteGlobalIDString = 375D885A200ECEE000CD9D1E;
			remoteInfo = TeslaKit;
		};
		37FB3F382026534600409472 /* PBXContainerItemProxy */ = {
			isa = PBXContainerItemProxy;
			containerPortal = 375D8852200ECEE000CD9D1E /* Project object */;
			proxyType = 1;
			remoteGlobalIDString = 37FB3F1C2026533500409472;
			remoteInfo = Example;
		};
/* End PBXContainerItemProxy section */

/* Begin PBXCopyFilesBuildPhase section */
		37D4BA9520B79190002009D7 /* Embed Frameworks */ = {
			isa = PBXCopyFilesBuildPhase;
			buildActionMask = 2147483647;
			dstPath = "";
			dstSubfolderSpec = 10;
			files = (
			);
			name = "Embed Frameworks";
			runOnlyForDeploymentPostprocessing = 0;
		};
/* End PBXCopyFilesBuildPhase section */

/* Begin PBXFileReference section */
		0628BFB0F9F19857B23057A6 /* Pods-TeslaKit.release.xcconfig */ = {isa = PBXFileReference; includeInIndex = 1; lastKnownFileType = text.xcconfig; name = "Pods-TeslaKit.release.xcconfig"; path = "Pods/Target Support Files/Pods-TeslaKit/Pods-TeslaKit.release.xcconfig"; sourceTree = "<group>"; };
		375D885B200ECEE000CD9D1E /* TeslaKit.framework */ = {isa = PBXFileReference; explicitFileType = wrapper.framework; includeInIndex = 0; path = TeslaKit.framework; sourceTree = BUILT_PRODUCTS_DIR; };
		375D885E200ECEE000CD9D1E /* TeslaKit.h */ = {isa = PBXFileReference; lastKnownFileType = sourcecode.c.h; path = TeslaKit.h; sourceTree = "<group>"; };
		375D885F200ECEE000CD9D1E /* Info.plist */ = {isa = PBXFileReference; lastKnownFileType = text.plist.xml; path = Info.plist; sourceTree = "<group>"; };
		375D8877200ECF2C00CD9D1E /* TKDataRequest.swift */ = {isa = PBXFileReference; fileEncoding = 4; lastKnownFileType = sourcecode.swift; path = TKDataRequest.swift; sourceTree = "<group>"; };
		375D8878200ECF2C00CD9D1E /* TKError.swift */ = {isa = PBXFileReference; fileEncoding = 4; lastKnownFileType = sourcecode.swift; path = TKError.swift; sourceTree = "<group>"; };
		375D8879200ECF2C00CD9D1E /* TKChargingState.swift */ = {isa = PBXFileReference; fileEncoding = 4; lastKnownFileType = sourcecode.swift; path = TKChargingState.swift; sourceTree = "<group>"; };
		375D887A200ECF2C00CD9D1E /* TKShiftState.swift */ = {isa = PBXFileReference; fileEncoding = 4; lastKnownFileType = sourcecode.swift; path = TKShiftState.swift; sourceTree = "<group>"; };
		375D887B200ECF2C00CD9D1E /* TKPanoRoofState.swift */ = {isa = PBXFileReference; fileEncoding = 4; lastKnownFileType = sourcecode.swift; path = TKPanoRoofState.swift; sourceTree = "<group>"; };
		375D887C200ECF2C00CD9D1E /* TKCommand.swift */ = {isa = PBXFileReference; fileEncoding = 4; lastKnownFileType = sourcecode.swift; path = TKCommand.swift; sourceTree = "<group>"; };
		375D887D200ECF2C00CD9D1E /* TKVehicleStatus.swift */ = {isa = PBXFileReference; fileEncoding = 4; lastKnownFileType = sourcecode.swift; path = TKVehicleStatus.swift; sourceTree = "<group>"; };
		375D887E200ECF2C00CD9D1E /* TKHeading.swift */ = {isa = PBXFileReference; fileEncoding = 4; lastKnownFileType = sourcecode.swift; path = TKHeading.swift; sourceTree = "<group>"; };
		375D8880200ECF2C00CD9D1E /* TKGUISettings.swift */ = {isa = PBXFileReference; fileEncoding = 4; lastKnownFileType = sourcecode.swift; path = TKGUISettings.swift; sourceTree = "<group>"; };
		375D8881200ECF2C00CD9D1E /* TKSetChargeLimit.swift */ = {isa = PBXFileReference; fileEncoding = 4; lastKnownFileType = sourcecode.swift; path = TKSetChargeLimit.swift; sourceTree = "<group>"; };
		375D8882200ECF2C00CD9D1E /* TKStringArrayTransform.swift */ = {isa = PBXFileReference; fileEncoding = 4; lastKnownFileType = sourcecode.swift; path = TKStringArrayTransform.swift; sourceTree = "<group>"; };
		375D8883200ECF2C00CD9D1E /* TKVehicleCommand.swift */ = {isa = PBXFileReference; fileEncoding = 4; lastKnownFileType = sourcecode.swift; path = TKVehicleCommand.swift; sourceTree = "<group>"; };
		375D8884200ECF2C00CD9D1E /* VIN.swift */ = {isa = PBXFileReference; fileEncoding = 4; lastKnownFileType = sourcecode.swift; path = VIN.swift; sourceTree = "<group>"; };
		375D8885200ECF2C00CD9D1E /* TKVehicleOption.swift */ = {isa = PBXFileReference; fileEncoding = 4; lastKnownFileType = sourcecode.swift; path = TKVehicleOption.swift; sourceTree = "<group>"; };
		375D8886200ECF2C00CD9D1E /* TKChargeState.swift */ = {isa = PBXFileReference; fileEncoding = 4; lastKnownFileType = sourcecode.swift; path = TKChargeState.swift; sourceTree = "<group>"; };
		375D8887200ECF2C00CD9D1E /* TKRemoteStart.swift */ = {isa = PBXFileReference; fileEncoding = 4; lastKnownFileType = sourcecode.swift; path = TKRemoteStart.swift; sourceTree = "<group>"; };
		375D8888200ECF2C00CD9D1E /* TKVehicleOptionTransform.swift */ = {isa = PBXFileReference; fileEncoding = 4; lastKnownFileType = sourcecode.swift; path = TKVehicleOptionTransform.swift; sourceTree = "<group>"; };
		375D8889200ECF2C00CD9D1E /* Temperature.swift */ = {isa = PBXFileReference; fileEncoding = 4; lastKnownFileType = sourcecode.swift; path = Temperature.swift; sourceTree = "<group>"; };
		375D888A200ECF2C00CD9D1E /* TKMobileAccess.swift */ = {isa = PBXFileReference; fileEncoding = 4; lastKnownFileType = sourcecode.swift; path = TKMobileAccess.swift; sourceTree = "<group>"; };
		375D888B200ECF2C00CD9D1E /* VINComponent.swift */ = {isa = PBXFileReference; fileEncoding = 4; lastKnownFileType = sourcecode.swift; path = VINComponent.swift; sourceTree = "<group>"; };
		375D888C200ECF2C00CD9D1E /* TKSetTemperature.swift */ = {isa = PBXFileReference; fileEncoding = 4; lastKnownFileType = sourcecode.swift; path = TKSetTemperature.swift; sourceTree = "<group>"; };
		375D888D200ECF2C00CD9D1E /* VINTransform.swift */ = {isa = PBXFileReference; fileEncoding = 4; lastKnownFileType = sourcecode.swift; path = VINTransform.swift; sourceTree = "<group>"; };
		375D888E200ECF2C00CD9D1E /* TKMovePanoRoof.swift */ = {isa = PBXFileReference; fileEncoding = 4; lastKnownFileType = sourcecode.swift; path = TKMovePanoRoof.swift; sourceTree = "<group>"; };
		375D888F200ECF2C00CD9D1E /* TKResetValetPIN.swift */ = {isa = PBXFileReference; fileEncoding = 4; lastKnownFileType = sourcecode.swift; path = TKResetValetPIN.swift; sourceTree = "<group>"; };
		375D8890200ECF2C00CD9D1E /* TKDriveState.swift */ = {isa = PBXFileReference; fileEncoding = 4; lastKnownFileType = sourcecode.swift; path = TKDriveState.swift; sourceTree = "<group>"; };
		375D8891200ECF2C00CD9D1E /* TKVehicle.swift */ = {isa = PBXFileReference; fileEncoding = 4; lastKnownFileType = sourcecode.swift; path = TKVehicle.swift; sourceTree = "<group>"; };
		375D8892200ECF2C00CD9D1E /* TKClimateState.swift */ = {isa = PBXFileReference; fileEncoding = 4; lastKnownFileType = sourcecode.swift; path = TKClimateState.swift; sourceTree = "<group>"; };
		375D8893200ECF2C00CD9D1E /* TKVehicleCollection.swift */ = {isa = PBXFileReference; fileEncoding = 4; lastKnownFileType = sourcecode.swift; path = TKVehicleCollection.swift; sourceTree = "<group>"; };
		375D8894200ECF2C00CD9D1E /* TKVehicleState.swift */ = {isa = PBXFileReference; fileEncoding = 4; lastKnownFileType = sourcecode.swift; path = TKVehicleState.swift; sourceTree = "<group>"; };
		375D8895200ECF2C00CD9D1E /* TKAccessToken.swift */ = {isa = PBXFileReference; fileEncoding = 4; lastKnownFileType = sourcecode.swift; path = TKAccessToken.swift; sourceTree = "<group>"; };
		375D8898200ECF2C00CD9D1E /* TeslaAPI.swift */ = {isa = PBXFileReference; fileEncoding = 4; lastKnownFileType = sourcecode.swift; path = TeslaAPI.swift; sourceTree = "<group>"; };
		375D889B200ECF2C00CD9D1E /* TKDataResponse.swift */ = {isa = PBXFileReference; fileEncoding = 4; lastKnownFileType = sourcecode.swift; path = TKDataResponse.swift; sourceTree = "<group>"; };
		375D889C200ECF2C00CD9D1E /* EnumCollection.swift */ = {isa = PBXFileReference; fileEncoding = 4; lastKnownFileType = sourcecode.swift; path = EnumCollection.swift; sourceTree = "<group>"; };
		375D889D200ECF2C00CD9D1E /* TKMappable.swift */ = {isa = PBXFileReference; fileEncoding = 4; lastKnownFileType = sourcecode.swift; path = TKMappable.swift; sourceTree = "<group>"; };
		37630B6220F9483500D17BD8 /* TKSpeedLimitSetPIN.swift */ = {isa = PBXFileReference; fileEncoding = 4; lastKnownFileType = sourcecode.swift; path = TKSpeedLimitSetPIN.swift; sourceTree = "<group>"; };
		377E890E20F72539004E379A /* TKSpeedLimitMode.swift */ = {isa = PBXFileReference; lastKnownFileType = sourcecode.swift; path = TKSpeedLimitMode.swift; sourceTree = "<group>"; };
		377E891420F72F6B004E379A /* CommandTests.swift */ = {isa = PBXFileReference; lastKnownFileType = sourcecode.swift; path = CommandTests.swift; sourceTree = "<group>"; };
		377E891620F731A5004E379A /* TKOpenTrunk.swift */ = {isa = PBXFileReference; fileEncoding = 4; lastKnownFileType = sourcecode.swift; path = TKOpenTrunk.swift; sourceTree = "<group>"; };
		377E891720F731A5004E379A /* TKSetSpeedLimit.swift */ = {isa = PBXFileReference; fileEncoding = 4; lastKnownFileType = sourcecode.swift; path = TKSetSpeedLimit.swift; sourceTree = "<group>"; };
		37D4BA8E20B7898B002009D7 /* TKRefreshToken.swift */ = {isa = PBXFileReference; lastKnownFileType = sourcecode.swift; path = TKRefreshToken.swift; sourceTree = "<group>"; };
		37F658F020294A2C00AAD681 /* TKChargePortLatchState.swift */ = {isa = PBXFileReference; fileEncoding = 4; lastKnownFileType = sourcecode.swift; path = TKChargePortLatchState.swift; sourceTree = "<group>"; };
		37FB3F1D2026533500409472 /* Example.app */ = {isa = PBXFileReference; explicitFileType = wrapper.application; includeInIndex = 0; path = Example.app; sourceTree = BUILT_PRODUCTS_DIR; };
		37FB3F1F2026533500409472 /* AppDelegate.swift */ = {isa = PBXFileReference; lastKnownFileType = sourcecode.swift; path = AppDelegate.swift; sourceTree = "<group>"; };
		37FB3F212026533500409472 /* ViewController.swift */ = {isa = PBXFileReference; lastKnownFileType = sourcecode.swift; path = ViewController.swift; sourceTree = "<group>"; };
		37FB3F242026533500409472 /* Base */ = {isa = PBXFileReference; lastKnownFileType = file.storyboard; name = Base; path = Base.lproj/Main.storyboard; sourceTree = "<group>"; };
		37FB3F262026533500409472 /* Assets.xcassets */ = {isa = PBXFileReference; lastKnownFileType = folder.assetcatalog; path = Assets.xcassets; sourceTree = "<group>"; };
		37FB3F292026533500409472 /* Base */ = {isa = PBXFileReference; lastKnownFileType = file.storyboard; name = Base; path = Base.lproj/LaunchScreen.storyboard; sourceTree = "<group>"; };
		37FB3F2B2026533500409472 /* Info.plist */ = {isa = PBXFileReference; lastKnownFileType = text.plist.xml; path = Info.plist; sourceTree = "<group>"; };
		37FB3F332026534600409472 /* Tests.xctest */ = {isa = PBXFileReference; explicitFileType = wrapper.cfbundle; includeInIndex = 0; path = Tests.xctest; sourceTree = BUILT_PRODUCTS_DIR; };
		37FB3F352026534600409472 /* TKTestCase.swift */ = {isa = PBXFileReference; lastKnownFileType = sourcecode.swift; path = TKTestCase.swift; sourceTree = "<group>"; };
		37FB3F372026534600409472 /* Info.plist */ = {isa = PBXFileReference; lastKnownFileType = text.plist.xml; path = Info.plist; sourceTree = "<group>"; };
		37FB3F3D2026553A00409472 /* VINTests.swift */ = {isa = PBXFileReference; lastKnownFileType = sourcecode.swift; path = VINTests.swift; sourceTree = "<group>"; };
		37FB3F3F202666FF00409472 /* TKTemperatureUnit.swift */ = {isa = PBXFileReference; lastKnownFileType = sourcecode.swift; path = TKTemperatureUnit.swift; sourceTree = "<group>"; };
		37FB3F412026672B00409472 /* TKChargeUnit.swift */ = {isa = PBXFileReference; lastKnownFileType = sourcecode.swift; path = TKChargeUnit.swift; sourceTree = "<group>"; };
		37FB3F432026673800409472 /* TKDistanceUnit.swift */ = {isa = PBXFileReference; lastKnownFileType = sourcecode.swift; path = TKDistanceUnit.swift; sourceTree = "<group>"; };
		37FB3F452026674900409472 /* TKRangeDisplay.swift */ = {isa = PBXFileReference; lastKnownFileType = sourcecode.swift; path = TKRangeDisplay.swift; sourceTree = "<group>"; };
		37FB3F69202668E000409472 /* TKVehicleConfig.swift */ = {isa = PBXFileReference; lastKnownFileType = sourcecode.swift; path = TKVehicleConfig.swift; sourceTree = "<group>"; };
		498F421CA069E199228DA2FB /* Pods-Example.release.xcconfig */ = {isa = PBXFileReference; includeInIndex = 1; lastKnownFileType = text.xcconfig; name = "Pods-Example.release.xcconfig"; path = "Pods/Target Support Files/Pods-Example/Pods-Example.release.xcconfig"; sourceTree = "<group>"; };
		4FEB2BF7526EBC71C3A39AB2 /* Pods_Example.framework */ = {isa = PBXFileReference; explicitFileType = wrapper.framework; includeInIndex = 0; path = Pods_Example.framework; sourceTree = BUILT_PRODUCTS_DIR; };
		55783556207D942600485D68 /* TestAccount.swift */ = {isa = PBXFileReference; lastKnownFileType = sourcecode.swift; path = TestAccount.swift; sourceTree = "<group>"; };
		5578355A207D954C00485D68 /* ExpectationWait.swift */ = {isa = PBXFileReference; lastKnownFileType = sourcecode.swift; path = ExpectationWait.swift; sourceTree = "<group>"; };
		5578355C207D95C600485D68 /* AuthTests.swift */ = {isa = PBXFileReference; lastKnownFileType = sourcecode.swift; path = AuthTests.swift; sourceTree = "<group>"; };
		55783561207D972500485D68 /* VehicleTests.swift */ = {isa = PBXFileReference; lastKnownFileType = sourcecode.swift; path = VehicleTests.swift; sourceTree = "<group>"; };
		56CD375499BBAB2D6CB8BC1C /* Pods-Tests.debug.xcconfig */ = {isa = PBXFileReference; includeInIndex = 1; lastKnownFileType = text.xcconfig; name = "Pods-Tests.debug.xcconfig"; path = "Pods/Target Support Files/Pods-Tests/Pods-Tests.debug.xcconfig"; sourceTree = "<group>"; };
		74F7A9468D541D7496163438 /* Pods-Example.debug.xcconfig */ = {isa = PBXFileReference; includeInIndex = 1; lastKnownFileType = text.xcconfig; name = "Pods-Example.debug.xcconfig"; path = "Pods/Target Support Files/Pods-Example/Pods-Example.debug.xcconfig"; sourceTree = "<group>"; };
		D29D78D92E86477819255BFA /* Pods-Tests.release.xcconfig */ = {isa = PBXFileReference; includeInIndex = 1; lastKnownFileType = text.xcconfig; name = "Pods-Tests.release.xcconfig"; path = "Pods/Target Support Files/Pods-Tests/Pods-Tests.release.xcconfig"; sourceTree = "<group>"; };
		DA53F5C39BED55993B9DF9AF /* Pods_TeslaKit.framework */ = {isa = PBXFileReference; explicitFileType = wrapper.framework; includeInIndex = 0; path = Pods_TeslaKit.framework; sourceTree = BUILT_PRODUCTS_DIR; };
		DA6A7B0DF8B1788EA7030ACE /* Pods_Tests.framework */ = {isa = PBXFileReference; explicitFileType = wrapper.framework; includeInIndex = 0; path = Pods_Tests.framework; sourceTree = BUILT_PRODUCTS_DIR; };
		FC23C5185395D972B04B1D41 /* Pods-TeslaKit.debug.xcconfig */ = {isa = PBXFileReference; includeInIndex = 1; lastKnownFileType = text.xcconfig; name = "Pods-TeslaKit.debug.xcconfig"; path = "Pods/Target Support Files/Pods-TeslaKit/Pods-TeslaKit.debug.xcconfig"; sourceTree = "<group>"; };
/* End PBXFileReference section */

/* Begin PBXFrameworksBuildPhase section */
		375D8857200ECEE000CD9D1E /* Frameworks */ = {
			isa = PBXFrameworksBuildPhase;
			buildActionMask = 2147483647;
			files = (
				1A01BD4043B74CBEA1DFF847 /* Pods_TeslaKit.framework in Frameworks */,
			);
			runOnlyForDeploymentPostprocessing = 0;
		};
		37FB3F1A2026533500409472 /* Frameworks */ = {
			isa = PBXFrameworksBuildPhase;
			buildActionMask = 2147483647;
			files = (
				46F1938A78A5AA95B2383DB4 /* Pods_Example.framework in Frameworks */,
			);
			runOnlyForDeploymentPostprocessing = 0;
		};
		37FB3F302026534600409472 /* Frameworks */ = {
			isa = PBXFrameworksBuildPhase;
			buildActionMask = 2147483647;
			files = (
				BF359FFB1D27025904CD1EF2 /* Pods_Tests.framework in Frameworks */,
			);
			runOnlyForDeploymentPostprocessing = 0;
		};
/* End PBXFrameworksBuildPhase section */

/* Begin PBXGroup section */
		375D8851200ECEE000CD9D1E = {
			isa = PBXGroup;
			children = (
				37FB3F1E2026533500409472 /* Example */,
				3BAC9104F76F3ED060937350 /* Frameworks */,
				E8AD8E645DE87A58D08D7063 /* Pods */,
				375D885C200ECEE000CD9D1E /* Products */,
				375D8875200ECF2C00CD9D1E /* Source */,
				375D885D200ECEE000CD9D1E /* TeslaKit */,
				37FB3F342026534600409472 /* Tests */,
			);
			sourceTree = "<group>";
		};
		375D885C200ECEE000CD9D1E /* Products */ = {
			isa = PBXGroup;
			children = (
				375D885B200ECEE000CD9D1E /* TeslaKit.framework */,
				37FB3F1D2026533500409472 /* Example.app */,
				37FB3F332026534600409472 /* Tests.xctest */,
			);
			name = Products;
			sourceTree = "<group>";
		};
		375D885D200ECEE000CD9D1E /* TeslaKit */ = {
			isa = PBXGroup;
			children = (
				375D885E200ECEE000CD9D1E /* TeslaKit.h */,
				375D885F200ECEE000CD9D1E /* Info.plist */,
			);
			path = TeslaKit;
			sourceTree = "<group>";
		};
		375D8875200ECF2C00CD9D1E /* Source */ = {
			isa = PBXGroup;
			children = (
				375D8876200ECF2C00CD9D1E /* Enumerations */,
				375D887F200ECF2C00CD9D1E /* Structures */,
				375D8896200ECF2C00CD9D1E /* Classes */,
				375D889A200ECF2C00CD9D1E /* Protocols */,
			);
			path = Source;
			sourceTree = "<group>";
		};
		375D8876200ECF2C00CD9D1E /* Enumerations */ = {
			isa = PBXGroup;
			children = (
				37F658F020294A2C00AAD681 /* TKChargePortLatchState.swift */,
				37FB3F412026672B00409472 /* TKChargeUnit.swift */,
				375D8879200ECF2C00CD9D1E /* TKChargingState.swift */,
				375D887C200ECF2C00CD9D1E /* TKCommand.swift */,
				375D8877200ECF2C00CD9D1E /* TKDataRequest.swift */,
				37FB3F432026673800409472 /* TKDistanceUnit.swift */,
				375D8878200ECF2C00CD9D1E /* TKError.swift */,
				375D887E200ECF2C00CD9D1E /* TKHeading.swift */,
				375D887B200ECF2C00CD9D1E /* TKPanoRoofState.swift */,
				37FB3F452026674900409472 /* TKRangeDisplay.swift */,
				375D887A200ECF2C00CD9D1E /* TKShiftState.swift */,
				37FB3F3F202666FF00409472 /* TKTemperatureUnit.swift */,
				375D887D200ECF2C00CD9D1E /* TKVehicleStatus.swift */,
			);
			path = Enumerations;
			sourceTree = "<group>";
		};
		375D887F200ECF2C00CD9D1E /* Structures */ = {
			isa = PBXGroup;
			children = (
				375D8889200ECF2C00CD9D1E /* Temperature.swift */,
				375D8895200ECF2C00CD9D1E /* TKAccessToken.swift */,
				375D8886200ECF2C00CD9D1E /* TKChargeState.swift */,
				375D8892200ECF2C00CD9D1E /* TKClimateState.swift */,
				375D8890200ECF2C00CD9D1E /* TKDriveState.swift */,
				375D8880200ECF2C00CD9D1E /* TKGUISettings.swift */,
				375D888A200ECF2C00CD9D1E /* TKMobileAccess.swift */,
				375D888E200ECF2C00CD9D1E /* TKMovePanoRoof.swift */,
				377E891620F731A5004E379A /* TKOpenTrunk.swift */,
				37D4BA8E20B7898B002009D7 /* TKRefreshToken.swift */,
				375D8887200ECF2C00CD9D1E /* TKRemoteStart.swift */,
				375D888F200ECF2C00CD9D1E /* TKResetValetPIN.swift */,
				375D8881200ECF2C00CD9D1E /* TKSetChargeLimit.swift */,
				377E891720F731A5004E379A /* TKSetSpeedLimit.swift */,
				375D888C200ECF2C00CD9D1E /* TKSetTemperature.swift */,
				377E890E20F72539004E379A /* TKSpeedLimitMode.swift */,
				37630B6220F9483500D17BD8 /* TKSpeedLimitSetPIN.swift */,
				375D8882200ECF2C00CD9D1E /* TKStringArrayTransform.swift */,
				375D8891200ECF2C00CD9D1E /* TKVehicle.swift */,
				375D8893200ECF2C00CD9D1E /* TKVehicleCollection.swift */,
				375D8883200ECF2C00CD9D1E /* TKVehicleCommand.swift */,
				37FB3F69202668E000409472 /* TKVehicleConfig.swift */,
				375D8885200ECF2C00CD9D1E /* TKVehicleOption.swift */,
				375D8888200ECF2C00CD9D1E /* TKVehicleOptionTransform.swift */,
				375D8894200ECF2C00CD9D1E /* TKVehicleState.swift */,
				375D8884200ECF2C00CD9D1E /* VIN.swift */,
				375D888B200ECF2C00CD9D1E /* VINComponent.swift */,
				375D888D200ECF2C00CD9D1E /* VINTransform.swift */,
			);
			path = Structures;
			sourceTree = "<group>";
		};
		375D8896200ECF2C00CD9D1E /* Classes */ = {
			isa = PBXGroup;
			children = (
				375D8898200ECF2C00CD9D1E /* TeslaAPI.swift */,
			);
			path = Classes;
			sourceTree = "<group>";
		};
		375D889A200ECF2C00CD9D1E /* Protocols */ = {
			isa = PBXGroup;
			children = (
				375D889C200ECF2C00CD9D1E /* EnumCollection.swift */,
				375D889B200ECF2C00CD9D1E /* TKDataResponse.swift */,
				375D889D200ECF2C00CD9D1E /* TKMappable.swift */,
			);
			path = Protocols;
			sourceTree = "<group>";
		};
		37FB3F1E2026533500409472 /* Example */ = {
			isa = PBXGroup;
			children = (
				37FB3F1F2026533500409472 /* AppDelegate.swift */,
				37FB3F212026533500409472 /* ViewController.swift */,
				37FB3F232026533500409472 /* Main.storyboard */,
				37FB3F262026533500409472 /* Assets.xcassets */,
				37FB3F282026533500409472 /* LaunchScreen.storyboard */,
				37FB3F2B2026533500409472 /* Info.plist */,
			);
			path = Example;
			sourceTree = "<group>";
		};
		37FB3F342026534600409472 /* Tests */ = {
			isa = PBXGroup;
			children = (
				37FB3F372026534600409472 /* Info.plist */,
				5578355E207D96C300485D68 /* Classes */,
				55783560207D96D600485D68 /* Enumerations */,
				5578355F207D96CF00485D68 /* TestCases */,
			);
			path = Tests;
			sourceTree = "<group>";
		};
		3BAC9104F76F3ED060937350 /* Frameworks */ = {
			isa = PBXGroup;
			children = (
				DA53F5C39BED55993B9DF9AF /* Pods_TeslaKit.framework */,
				4FEB2BF7526EBC71C3A39AB2 /* Pods_Example.framework */,
				DA6A7B0DF8B1788EA7030ACE /* Pods_Tests.framework */,
			);
			name = Frameworks;
			sourceTree = "<group>";
		};
		5578355E207D96C300485D68 /* Classes */ = {
			isa = PBXGroup;
			children = (
				55783556207D942600485D68 /* TestAccount.swift */,
				37FB3F352026534600409472 /* TKTestCase.swift */,
			);
			path = Classes;
			sourceTree = "<group>";
		};
		5578355F207D96CF00485D68 /* TestCases */ = {
			isa = PBXGroup;
			children = (
				5578355C207D95C600485D68 /* AuthTests.swift */,
				37FB3F3D2026553A00409472 /* VINTests.swift */,
				55783561207D972500485D68 /* VehicleTests.swift */,
				377E891420F72F6B004E379A /* CommandTests.swift */,
			);
			path = TestCases;
			sourceTree = "<group>";
		};
		55783560207D96D600485D68 /* Enumerations */ = {
			isa = PBXGroup;
			children = (
				5578355A207D954C00485D68 /* ExpectationWait.swift */,
			);
			path = Enumerations;
			sourceTree = "<group>";
		};
		E8AD8E645DE87A58D08D7063 /* Pods */ = {
			isa = PBXGroup;
			children = (
				FC23C5185395D972B04B1D41 /* Pods-TeslaKit.debug.xcconfig */,
				0628BFB0F9F19857B23057A6 /* Pods-TeslaKit.release.xcconfig */,
				74F7A9468D541D7496163438 /* Pods-Example.debug.xcconfig */,
				498F421CA069E199228DA2FB /* Pods-Example.release.xcconfig */,
				56CD375499BBAB2D6CB8BC1C /* Pods-Tests.debug.xcconfig */,
				D29D78D92E86477819255BFA /* Pods-Tests.release.xcconfig */,
			);
			name = Pods;
			sourceTree = "<group>";
		};
/* End PBXGroup section */

/* Begin PBXHeadersBuildPhase section */
		375D8858200ECEE000CD9D1E /* Headers */ = {
			isa = PBXHeadersBuildPhase;
			buildActionMask = 2147483647;
			files = (
				375D886C200ECEE000CD9D1E /* TeslaKit.h in Headers */,
			);
			runOnlyForDeploymentPostprocessing = 0;
		};
/* End PBXHeadersBuildPhase section */

/* Begin PBXNativeTarget section */
		375D885A200ECEE000CD9D1E /* TeslaKit */ = {
			isa = PBXNativeTarget;
			buildConfigurationList = 375D886F200ECEE000CD9D1E /* Build configuration list for PBXNativeTarget "TeslaKit" */;
			buildPhases = (
				E0ABF4696209CC55E0F843C8 /* [CP] Check Pods Manifest.lock */,
				375D8856200ECEE000CD9D1E /* Sources */,
				375D8857200ECEE000CD9D1E /* Frameworks */,
				375D8858200ECEE000CD9D1E /* Headers */,
				375D8859200ECEE000CD9D1E /* Resources */,
				3723AC982076C71D00E80F60 /* Test Account Run Script */,
				55FF003F207FEE1B0011A428 /* SwiftLint */,
			);
			buildRules = (
			);
			dependencies = (
			);
			name = TeslaKit;
			productName = TeslaKit;
			productReference = 375D885B200ECEE000CD9D1E /* TeslaKit.framework */;
			productType = "com.apple.product-type.framework";
		};
		37FB3F1C2026533500409472 /* Example */ = {
			isa = PBXNativeTarget;
			buildConfigurationList = 37FB3F2C2026533500409472 /* Build configuration list for PBXNativeTarget "Example" */;
			buildPhases = (
				C23A74C4DF6748E842372784 /* [CP] Check Pods Manifest.lock */,
				3723AC992076C76200E80F60 /* Test Account Run Script */,
				37FB3F192026533500409472 /* Sources */,
				37FB3F1A2026533500409472 /* Frameworks */,
				37FB3F1B2026533500409472 /* Resources */,
				C4BCE1B64E2FDB11D0D16D2D /* [CP] Embed Pods Frameworks */,
				37D4BA9520B79190002009D7 /* Embed Frameworks */,
			);
			buildRules = (
			);
			dependencies = (
				37D4BA9420B79190002009D7 /* PBXTargetDependency */,
			);
			name = Example;
			productName = Example;
			productReference = 37FB3F1D2026533500409472 /* Example.app */;
			productType = "com.apple.product-type.application";
		};
		37FB3F322026534600409472 /* Tests */ = {
			isa = PBXNativeTarget;
			buildConfigurationList = 37FB3F3A2026534600409472 /* Build configuration list for PBXNativeTarget "Tests" */;
			buildPhases = (
				657C056701FDDEA2E82C40BB /* [CP] Check Pods Manifest.lock */,
				3723AC9A2076C84A00E80F60 /* Test Account Run Script */,
				37FB3F2F2026534600409472 /* Sources */,
				37FB3F302026534600409472 /* Frameworks */,
				37FB3F312026534600409472 /* Resources */,
			);
			buildRules = (
			);
			dependencies = (
				37FB3F392026534600409472 /* PBXTargetDependency */,
			);
			name = Tests;
			productName = Tests;
			productReference = 37FB3F332026534600409472 /* Tests.xctest */;
			productType = "com.apple.product-type.bundle.unit-test";
		};
/* End PBXNativeTarget section */

/* Begin PBXProject section */
		375D8852200ECEE000CD9D1E /* Project object */ = {
			isa = PBXProject;
			attributes = {
				LastSwiftUpdateCheck = 0920;
				LastUpgradeCheck = 0930;
				ORGANIZATIONNAME = HamblinSoft;
				TargetAttributes = {
					375D885A200ECEE000CD9D1E = {
						CreatedOnToolsVersion = 9.2;
						LastSwiftMigration = 1000;
						ProvisioningStyle = Automatic;
					};
					37FB3F1C2026533500409472 = {
						CreatedOnToolsVersion = 9.2;
						LastSwiftMigration = 1000;
						ProvisioningStyle = Automatic;
					};
					37FB3F322026534600409472 = {
						CreatedOnToolsVersion = 9.2;
						LastSwiftMigration = 1000;
						ProvisioningStyle = Automatic;
						TestTargetID = 37FB3F1C2026533500409472;
					};
				};
			};
			buildConfigurationList = 375D8855200ECEE000CD9D1E /* Build configuration list for PBXProject "TeslaKit" */;
			compatibilityVersion = "Xcode 8.0";
			developmentRegion = en;
			hasScannedForEncodings = 0;
			knownRegions = (
				en,
				Base,
			);
			mainGroup = 375D8851200ECEE000CD9D1E;
			productRefGroup = 375D885C200ECEE000CD9D1E /* Products */;
			projectDirPath = "";
			projectRoot = "";
			targets = (
				375D885A200ECEE000CD9D1E /* TeslaKit */,
				37FB3F1C2026533500409472 /* Example */,
				37FB3F322026534600409472 /* Tests */,
			);
		};
/* End PBXProject section */

/* Begin PBXResourcesBuildPhase section */
		375D8859200ECEE000CD9D1E /* Resources */ = {
			isa = PBXResourcesBuildPhase;
			buildActionMask = 2147483647;
			files = (
			);
			runOnlyForDeploymentPostprocessing = 0;
		};
		37FB3F1B2026533500409472 /* Resources */ = {
			isa = PBXResourcesBuildPhase;
			buildActionMask = 2147483647;
			files = (
				37FB3F2A2026533500409472 /* LaunchScreen.storyboard in Resources */,
				37FB3F272026533500409472 /* Assets.xcassets in Resources */,
				37FB3F252026533500409472 /* Main.storyboard in Resources */,
			);
			runOnlyForDeploymentPostprocessing = 0;
		};
		37FB3F312026534600409472 /* Resources */ = {
			isa = PBXResourcesBuildPhase;
			buildActionMask = 2147483647;
			files = (
			);
			runOnlyForDeploymentPostprocessing = 0;
		};
/* End PBXResourcesBuildPhase section */

/* Begin PBXShellScriptBuildPhase section */
		3723AC982076C71D00E80F60 /* Test Account Run Script */ = {
			isa = PBXShellScriptBuildPhase;
			buildActionMask = 2147483647;
			files = (
			);
			inputPaths = (
			);
			name = "Test Account Run Script";
			outputPaths = (
			);
			runOnlyForDeploymentPostprocessing = 0;
			shellPath = /bin/sh;
			shellScript = "";
		};
		3723AC992076C76200E80F60 /* Test Account Run Script */ = {
			isa = PBXShellScriptBuildPhase;
			buildActionMask = 2147483647;
			files = (
			);
			inputPaths = (
			);
			name = "Test Account Run Script";
			outputPaths = (
			);
			runOnlyForDeploymentPostprocessing = 0;
			shellPath = /bin/sh;
			shellScript = "# Read Test Account data from file or create file if one does not exist\n$SRCROOT/scripts/TestAccount.sh";
		};
		3723AC9A2076C84A00E80F60 /* Test Account Run Script */ = {
			isa = PBXShellScriptBuildPhase;
			buildActionMask = 2147483647;
			files = (
			);
			inputPaths = (
			);
			name = "Test Account Run Script";
			outputPaths = (
			);
			runOnlyForDeploymentPostprocessing = 0;
			shellPath = /bin/sh;
			shellScript = "# Read Test Account data from file or create file if one does not exist\n$SRCROOT/scripts/TestAccount.sh";
		};
		55FF003F207FEE1B0011A428 /* SwiftLint */ = {
			isa = PBXShellScriptBuildPhase;
			buildActionMask = 2147483647;
			files = (
			);
			inputPaths = (
			);
			name = SwiftLint;
			outputPaths = (
			);
			runOnlyForDeploymentPostprocessing = 0;
			shellPath = /bin/sh;
			shellScript = "# Run SwiftLint\n#${PODS_ROOT}/SwiftLint/swiftlint";
		};
		657C056701FDDEA2E82C40BB /* [CP] Check Pods Manifest.lock */ = {
			isa = PBXShellScriptBuildPhase;
			buildActionMask = 2147483647;
			files = (
			);
			inputPaths = (
				"${PODS_PODFILE_DIR_PATH}/Podfile.lock",
				"${PODS_ROOT}/Manifest.lock",
			);
			name = "[CP] Check Pods Manifest.lock";
			outputPaths = (
				"$(DERIVED_FILE_DIR)/Pods-Tests-checkManifestLockResult.txt",
			);
			runOnlyForDeploymentPostprocessing = 0;
			shellPath = /bin/sh;
			shellScript = "diff \"${PODS_PODFILE_DIR_PATH}/Podfile.lock\" \"${PODS_ROOT}/Manifest.lock\" > /dev/null\nif [ $? != 0 ] ; then\n    # print error to STDERR\n    echo \"error: The sandbox is not in sync with the Podfile.lock. Run 'pod install' or update your CocoaPods installation.\" >&2\n    exit 1\nfi\n# This output is used by Xcode 'outputs' to avoid re-running this script phase.\necho \"SUCCESS\" > \"${SCRIPT_OUTPUT_FILE_0}\"\n";
			showEnvVarsInLog = 0;
		};
		C23A74C4DF6748E842372784 /* [CP] Check Pods Manifest.lock */ = {
			isa = PBXShellScriptBuildPhase;
			buildActionMask = 2147483647;
			files = (
			);
			inputPaths = (
				"${PODS_PODFILE_DIR_PATH}/Podfile.lock",
				"${PODS_ROOT}/Manifest.lock",
			);
			name = "[CP] Check Pods Manifest.lock";
			outputPaths = (
				"$(DERIVED_FILE_DIR)/Pods-Example-checkManifestLockResult.txt",
			);
			runOnlyForDeploymentPostprocessing = 0;
			shellPath = /bin/sh;
			shellScript = "diff \"${PODS_PODFILE_DIR_PATH}/Podfile.lock\" \"${PODS_ROOT}/Manifest.lock\" > /dev/null\nif [ $? != 0 ] ; then\n    # print error to STDERR\n    echo \"error: The sandbox is not in sync with the Podfile.lock. Run 'pod install' or update your CocoaPods installation.\" >&2\n    exit 1\nfi\n# This output is used by Xcode 'outputs' to avoid re-running this script phase.\necho \"SUCCESS\" > \"${SCRIPT_OUTPUT_FILE_0}\"\n";
			showEnvVarsInLog = 0;
		};
		C4BCE1B64E2FDB11D0D16D2D /* [CP] Embed Pods Frameworks */ = {
			isa = PBXShellScriptBuildPhase;
			buildActionMask = 2147483647;
			files = (
			);
			inputPaths = (
				"${SRCROOT}/Pods/Target Support Files/Pods-Example/Pods-Example-frameworks.sh",
				"${BUILT_PRODUCTS_DIR}/ObjectMapper/ObjectMapper.framework",
				"${BUILT_PRODUCTS_DIR}/TeslaKit/TeslaKit.framework",
			);
			name = "[CP] Embed Pods Frameworks";
			outputPaths = (
				"${TARGET_BUILD_DIR}/${FRAMEWORKS_FOLDER_PATH}/ObjectMapper.framework",
				"${TARGET_BUILD_DIR}/${FRAMEWORKS_FOLDER_PATH}/TeslaKit.framework",
			);
			runOnlyForDeploymentPostprocessing = 0;
			shellPath = /bin/sh;
			shellScript = "\"${SRCROOT}/Pods/Target Support Files/Pods-Example/Pods-Example-frameworks.sh\"\n";
			showEnvVarsInLog = 0;
		};
		E0ABF4696209CC55E0F843C8 /* [CP] Check Pods Manifest.lock */ = {
			isa = PBXShellScriptBuildPhase;
			buildActionMask = 2147483647;
			files = (
			);
			inputPaths = (
				"${PODS_PODFILE_DIR_PATH}/Podfile.lock",
				"${PODS_ROOT}/Manifest.lock",
			);
			name = "[CP] Check Pods Manifest.lock";
			outputPaths = (
				"$(DERIVED_FILE_DIR)/Pods-TeslaKit-checkManifestLockResult.txt",
			);
			runOnlyForDeploymentPostprocessing = 0;
			shellPath = /bin/sh;
			shellScript = "diff \"${PODS_PODFILE_DIR_PATH}/Podfile.lock\" \"${PODS_ROOT}/Manifest.lock\" > /dev/null\nif [ $? != 0 ] ; then\n    # print error to STDERR\n    echo \"error: The sandbox is not in sync with the Podfile.lock. Run 'pod install' or update your CocoaPods installation.\" >&2\n    exit 1\nfi\n# This output is used by Xcode 'outputs' to avoid re-running this script phase.\necho \"SUCCESS\" > \"${SCRIPT_OUTPUT_FILE_0}\"\n";
			showEnvVarsInLog = 0;
		};
/* End PBXShellScriptBuildPhase section */

/* Begin PBXSourcesBuildPhase section */
		375D8856200ECEE000CD9D1E /* Sources */ = {
			isa = PBXSourcesBuildPhase;
			buildActionMask = 2147483647;
			files = (
				375D88BF200ECF2C00CD9D1E /* TKDataResponse.swift in Sources */,
				375D88B3200ECF2C00CD9D1E /* VINTransform.swift in Sources */,
				37FB3F4F2026675700409472 /* TKChargeUnit.swift in Sources */,
				375D88A4200ECF2C00CD9D1E /* TKVehicleStatus.swift in Sources */,
				375D88BB200ECF2C00CD9D1E /* TKAccessToken.swift in Sources */,
				375D88B4200ECF2C00CD9D1E /* TKMovePanoRoof.swift in Sources */,
				375D88B1200ECF2C00CD9D1E /* VINComponent.swift in Sources */,
				375D88A3200ECF2C00CD9D1E /* TKCommand.swift in Sources */,
				375D88AF200ECF2C00CD9D1E /* Temperature.swift in Sources */,
				375D88B6200ECF2C00CD9D1E /* TKDriveState.swift in Sources */,
				375D88A0200ECF2C00CD9D1E /* TKChargingState.swift in Sources */,
				37FB3F512026675700409472 /* TKRangeDisplay.swift in Sources */,
				375D88A9200ECF2C00CD9D1E /* TKVehicleCommand.swift in Sources */,
				375D88A7200ECF2C00CD9D1E /* TKSetChargeLimit.swift in Sources */,
				375D889E200ECF2C00CD9D1E /* TKDataRequest.swift in Sources */,
				375D88B9200ECF2C00CD9D1E /* TKVehicleCollection.swift in Sources */,
				37D4BA8F20B7898B002009D7 /* TKRefreshToken.swift in Sources */,
				375D88AA200ECF2C00CD9D1E /* VIN.swift in Sources */,
				375D88AD200ECF2C00CD9D1E /* TKRemoteStart.swift in Sources */,
				37FB3F502026675700409472 /* TKDistanceUnit.swift in Sources */,
				377E891A20F7341C004E379A /* TKSetSpeedLimit.swift in Sources */,
				377E891B20F7342F004E379A /* TKOpenTrunk.swift in Sources */,
				375D88A5200ECF2C00CD9D1E /* TKHeading.swift in Sources */,
				375D88C0200ECF2C00CD9D1E /* EnumCollection.swift in Sources */,
				375D88B5200ECF2C00CD9D1E /* TKResetValetPIN.swift in Sources */,
				375D889F200ECF2C00CD9D1E /* TKError.swift in Sources */,
				375D88A8200ECF2C00CD9D1E /* TKStringArrayTransform.swift in Sources */,
				375D88AB200ECF2C00CD9D1E /* TKVehicleOption.swift in Sources */,
				375D88AE200ECF2C00CD9D1E /* TKVehicleOptionTransform.swift in Sources */,
				37F658F120294A2C00AAD681 /* TKChargePortLatchState.swift in Sources */,
				375D88B7200ECF2C00CD9D1E /* TKVehicle.swift in Sources */,
				375D88A1200ECF2C00CD9D1E /* TKShiftState.swift in Sources */,
				375D88B2200ECF2C00CD9D1E /* TKSetTemperature.swift in Sources */,
				377E890F20F72539004E379A /* TKSpeedLimitMode.swift in Sources */,
				375D88C1200ECF2C00CD9D1E /* TKMappable.swift in Sources */,
				375D88B0200ECF2C00CD9D1E /* TKMobileAccess.swift in Sources */,
				375D88BA200ECF2C00CD9D1E /* TKVehicleState.swift in Sources */,
				37FB3F6A202668E000409472 /* TKVehicleConfig.swift in Sources */,
				37630B6320F9483600D17BD8 /* TKSpeedLimitSetPIN.swift in Sources */,
				375D88B8200ECF2C00CD9D1E /* TKClimateState.swift in Sources */,
				375D88BD200ECF2C00CD9D1E /* TeslaAPI.swift in Sources */,
				375D88A6200ECF2C00CD9D1E /* TKGUISettings.swift in Sources */,
				375D88AC200ECF2C00CD9D1E /* TKChargeState.swift in Sources */,
				375D88A2200ECF2C00CD9D1E /* TKPanoRoofState.swift in Sources */,
				37FB3F522026675700409472 /* TKTemperatureUnit.swift in Sources */,
			);
			runOnlyForDeploymentPostprocessing = 0;
		};
		37FB3F192026533500409472 /* Sources */ = {
			isa = PBXSourcesBuildPhase;
			buildActionMask = 2147483647;
			files = (
				37FB3F222026533500409472 /* ViewController.swift in Sources */,
				37FB3F202026533500409472 /* AppDelegate.swift in Sources */,
			);
			runOnlyForDeploymentPostprocessing = 0;
		};
		37FB3F2F2026534600409472 /* Sources */ = {
			isa = PBXSourcesBuildPhase;
			buildActionMask = 2147483647;
			files = (
				37FB3F362026534600409472 /* TKTestCase.swift in Sources */,
				5578355D207D95C600485D68 /* AuthTests.swift in Sources */,
				377E891520F72F6B004E379A /* CommandTests.swift in Sources */,
				55783557207D942600485D68 /* TestAccount.swift in Sources */,
				55783562207D972500485D68 /* VehicleTests.swift in Sources */,
				37FB3F3E2026553A00409472 /* VINTests.swift in Sources */,
				5578355B207D954C00485D68 /* ExpectationWait.swift in Sources */,
			);
			runOnlyForDeploymentPostprocessing = 0;
		};
/* End PBXSourcesBuildPhase section */

/* Begin PBXTargetDependency section */
		37D4BA9420B79190002009D7 /* PBXTargetDependency */ = {
			isa = PBXTargetDependency;
			target = 375D885A200ECEE000CD9D1E /* TeslaKit */;
			targetProxy = 37D4BA9320B79190002009D7 /* PBXContainerItemProxy */;
		};
		37FB3F392026534600409472 /* PBXTargetDependency */ = {
			isa = PBXTargetDependency;
			target = 37FB3F1C2026533500409472 /* Example */;
			targetProxy = 37FB3F382026534600409472 /* PBXContainerItemProxy */;
		};
/* End PBXTargetDependency section */

/* Begin PBXVariantGroup section */
		37FB3F232026533500409472 /* Main.storyboard */ = {
			isa = PBXVariantGroup;
			children = (
				37FB3F242026533500409472 /* Base */,
			);
			name = Main.storyboard;
			sourceTree = "<group>";
		};
		37FB3F282026533500409472 /* LaunchScreen.storyboard */ = {
			isa = PBXVariantGroup;
			children = (
				37FB3F292026533500409472 /* Base */,
			);
			name = LaunchScreen.storyboard;
			sourceTree = "<group>";
		};
/* End PBXVariantGroup section */

/* Begin XCBuildConfiguration section */
		375D886D200ECEE000CD9D1E /* Debug */ = {
			isa = XCBuildConfiguration;
			buildSettings = {
				ALWAYS_SEARCH_USER_PATHS = NO;
				CLANG_ANALYZER_NONNULL = YES;
				CLANG_ANALYZER_NUMBER_OBJECT_CONVERSION = YES_AGGRESSIVE;
				CLANG_CXX_LANGUAGE_STANDARD = "gnu++14";
				CLANG_CXX_LIBRARY = "libc++";
				CLANG_ENABLE_MODULES = YES;
				CLANG_ENABLE_OBJC_ARC = YES;
				CLANG_WARN_BLOCK_CAPTURE_AUTORELEASING = YES;
				CLANG_WARN_BOOL_CONVERSION = YES;
				CLANG_WARN_COMMA = YES;
				CLANG_WARN_CONSTANT_CONVERSION = YES;
				CLANG_WARN_DEPRECATED_OBJC_IMPLEMENTATIONS = YES;
				CLANG_WARN_DIRECT_OBJC_ISA_USAGE = YES_ERROR;
				CLANG_WARN_DOCUMENTATION_COMMENTS = YES;
				CLANG_WARN_EMPTY_BODY = YES;
				CLANG_WARN_ENUM_CONVERSION = YES;
				CLANG_WARN_INFINITE_RECURSION = YES;
				CLANG_WARN_INT_CONVERSION = YES;
				CLANG_WARN_NON_LITERAL_NULL_CONVERSION = YES;
				CLANG_WARN_OBJC_IMPLICIT_RETAIN_SELF = YES;
				CLANG_WARN_OBJC_LITERAL_CONVERSION = YES;
				CLANG_WARN_OBJC_ROOT_CLASS = YES_ERROR;
				CLANG_WARN_RANGE_LOOP_ANALYSIS = YES;
				CLANG_WARN_STRICT_PROTOTYPES = YES;
				CLANG_WARN_SUSPICIOUS_MOVE = YES;
				CLANG_WARN_UNGUARDED_AVAILABILITY = YES_AGGRESSIVE;
				CLANG_WARN_UNREACHABLE_CODE = YES;
				CLANG_WARN__DUPLICATE_METHOD_MATCH = YES;
				CODE_SIGN_IDENTITY = "iPhone Developer";
				COPY_PHASE_STRIP = NO;
				CURRENT_PROJECT_VERSION = 1;
				DEBUG_INFORMATION_FORMAT = dwarf;
				ENABLE_STRICT_OBJC_MSGSEND = YES;
				ENABLE_TESTABILITY = YES;
				GCC_C_LANGUAGE_STANDARD = gnu11;
				GCC_DYNAMIC_NO_PIC = NO;
				GCC_NO_COMMON_BLOCKS = YES;
				GCC_OPTIMIZATION_LEVEL = 0;
				GCC_PREPROCESSOR_DEFINITIONS = (
					"DEBUG=1",
					"$(inherited)",
				);
				GCC_WARN_64_TO_32_BIT_CONVERSION = YES;
				GCC_WARN_ABOUT_RETURN_TYPE = YES_ERROR;
				GCC_WARN_UNDECLARED_SELECTOR = YES;
				GCC_WARN_UNINITIALIZED_AUTOS = YES_AGGRESSIVE;
				GCC_WARN_UNUSED_FUNCTION = YES;
				GCC_WARN_UNUSED_VARIABLE = YES;
				IPHONEOS_DEPLOYMENT_TARGET = 11.2;
				MTL_ENABLE_DEBUG_INFO = YES;
				ONLY_ACTIVE_ARCH = YES;
				SDKROOT = iphoneos;
				SWIFT_ACTIVE_COMPILATION_CONDITIONS = DEBUG;
				SWIFT_OPTIMIZATION_LEVEL = "-Onone";
				VERSIONING_SYSTEM = "apple-generic";
				VERSION_INFO_PREFIX = "";
			};
			name = Debug;
		};
		375D886E200ECEE000CD9D1E /* Release */ = {
			isa = XCBuildConfiguration;
			buildSettings = {
				ALWAYS_SEARCH_USER_PATHS = NO;
				CLANG_ANALYZER_NONNULL = YES;
				CLANG_ANALYZER_NUMBER_OBJECT_CONVERSION = YES_AGGRESSIVE;
				CLANG_CXX_LANGUAGE_STANDARD = "gnu++14";
				CLANG_CXX_LIBRARY = "libc++";
				CLANG_ENABLE_MODULES = YES;
				CLANG_ENABLE_OBJC_ARC = YES;
				CLANG_WARN_BLOCK_CAPTURE_AUTORELEASING = YES;
				CLANG_WARN_BOOL_CONVERSION = YES;
				CLANG_WARN_COMMA = YES;
				CLANG_WARN_CONSTANT_CONVERSION = YES;
				CLANG_WARN_DEPRECATED_OBJC_IMPLEMENTATIONS = YES;
				CLANG_WARN_DIRECT_OBJC_ISA_USAGE = YES_ERROR;
				CLANG_WARN_DOCUMENTATION_COMMENTS = YES;
				CLANG_WARN_EMPTY_BODY = YES;
				CLANG_WARN_ENUM_CONVERSION = YES;
				CLANG_WARN_INFINITE_RECURSION = YES;
				CLANG_WARN_INT_CONVERSION = YES;
				CLANG_WARN_NON_LITERAL_NULL_CONVERSION = YES;
				CLANG_WARN_OBJC_IMPLICIT_RETAIN_SELF = YES;
				CLANG_WARN_OBJC_LITERAL_CONVERSION = YES;
				CLANG_WARN_OBJC_ROOT_CLASS = YES_ERROR;
				CLANG_WARN_RANGE_LOOP_ANALYSIS = YES;
				CLANG_WARN_STRICT_PROTOTYPES = YES;
				CLANG_WARN_SUSPICIOUS_MOVE = YES;
				CLANG_WARN_UNGUARDED_AVAILABILITY = YES_AGGRESSIVE;
				CLANG_WARN_UNREACHABLE_CODE = YES;
				CLANG_WARN__DUPLICATE_METHOD_MATCH = YES;
				CODE_SIGN_IDENTITY = "iPhone Developer";
				COPY_PHASE_STRIP = NO;
				CURRENT_PROJECT_VERSION = 1;
				DEBUG_INFORMATION_FORMAT = "dwarf-with-dsym";
				ENABLE_NS_ASSERTIONS = NO;
				ENABLE_STRICT_OBJC_MSGSEND = YES;
				GCC_C_LANGUAGE_STANDARD = gnu11;
				GCC_NO_COMMON_BLOCKS = YES;
				GCC_WARN_64_TO_32_BIT_CONVERSION = YES;
				GCC_WARN_ABOUT_RETURN_TYPE = YES_ERROR;
				GCC_WARN_UNDECLARED_SELECTOR = YES;
				GCC_WARN_UNINITIALIZED_AUTOS = YES_AGGRESSIVE;
				GCC_WARN_UNUSED_FUNCTION = YES;
				GCC_WARN_UNUSED_VARIABLE = YES;
				IPHONEOS_DEPLOYMENT_TARGET = 11.2;
				MTL_ENABLE_DEBUG_INFO = NO;
				SDKROOT = iphoneos;
				SWIFT_OPTIMIZATION_LEVEL = "-Owholemodule";
				VALIDATE_PRODUCT = YES;
				VERSIONING_SYSTEM = "apple-generic";
				VERSION_INFO_PREFIX = "";
			};
			name = Release;
		};
		375D8870200ECEE000CD9D1E /* Debug */ = {
			isa = XCBuildConfiguration;
			baseConfigurationReference = FC23C5185395D972B04B1D41 /* Pods-TeslaKit.debug.xcconfig */;
			buildSettings = {
				CODE_SIGN_IDENTITY = "";
				CODE_SIGN_STYLE = Automatic;
				DEFINES_MODULE = YES;
				DEVELOPMENT_TEAM = 4Y79Z2NR75;
				DYLIB_COMPATIBILITY_VERSION = 1;
				DYLIB_CURRENT_VERSION = 1;
				DYLIB_INSTALL_NAME_BASE = "@rpath";
				INFOPLIST_FILE = TeslaKit/Info.plist;
				INSTALL_PATH = "$(LOCAL_LIBRARY_DIR)/Frameworks";
				LD_RUNPATH_SEARCH_PATHS = "$(inherited) @executable_path/Frameworks @loader_path/Frameworks";
				PRODUCT_BUNDLE_IDENTIFIER = com.jjjjaren.TeslaKit;
				PRODUCT_NAME = "$(TARGET_NAME:c99extidentifier)";
				SKIP_INSTALL = YES;
				SWIFT_VERSION = 4.2;
				TARGETED_DEVICE_FAMILY = "1,2";
			};
			name = Debug;
		};
		375D8871200ECEE000CD9D1E /* Release */ = {
			isa = XCBuildConfiguration;
			baseConfigurationReference = 0628BFB0F9F19857B23057A6 /* Pods-TeslaKit.release.xcconfig */;
			buildSettings = {
				CODE_SIGN_IDENTITY = "";
				CODE_SIGN_STYLE = Automatic;
				DEFINES_MODULE = YES;
				DEVELOPMENT_TEAM = 4Y79Z2NR75;
				DYLIB_COMPATIBILITY_VERSION = 1;
				DYLIB_CURRENT_VERSION = 1;
				DYLIB_INSTALL_NAME_BASE = "@rpath";
				INFOPLIST_FILE = TeslaKit/Info.plist;
				INSTALL_PATH = "$(LOCAL_LIBRARY_DIR)/Frameworks";
				LD_RUNPATH_SEARCH_PATHS = "$(inherited) @executable_path/Frameworks @loader_path/Frameworks";
				PRODUCT_BUNDLE_IDENTIFIER = com.jjjjaren.TeslaKit;
				PRODUCT_NAME = "$(TARGET_NAME:c99extidentifier)";
				SKIP_INSTALL = YES;
				SWIFT_VERSION = 4.2;
				TARGETED_DEVICE_FAMILY = "1,2";
			};
			name = Release;
		};
		37FB3F2D2026533500409472 /* Debug */ = {
			isa = XCBuildConfiguration;
			baseConfigurationReference = 74F7A9468D541D7496163438 /* Pods-Example.debug.xcconfig */;
			buildSettings = {
				ALWAYS_EMBED_SWIFT_STANDARD_LIBRARIES = YES;
				ASSETCATALOG_COMPILER_APPICON_NAME = AppIcon;
				CODE_SIGN_STYLE = Automatic;
				DEVELOPMENT_TEAM = 4Y79Z2NR75;
				INFOPLIST_FILE = Example/Info.plist;
				LD_RUNPATH_SEARCH_PATHS = "$(inherited) @executable_path/Frameworks";
				PRODUCT_BUNDLE_IDENTIFIER = com.jjjjaren.Example;
				PRODUCT_NAME = "$(TARGET_NAME)";
				SWIFT_VERSION = 4.2;
				TARGETED_DEVICE_FAMILY = "1,2";
			};
			name = Debug;
		};
		37FB3F2E2026533500409472 /* Release */ = {
			isa = XCBuildConfiguration;
			baseConfigurationReference = 498F421CA069E199228DA2FB /* Pods-Example.release.xcconfig */;
			buildSettings = {
				ALWAYS_EMBED_SWIFT_STANDARD_LIBRARIES = YES;
				ASSETCATALOG_COMPILER_APPICON_NAME = AppIcon;
				CODE_SIGN_STYLE = Automatic;
				DEVELOPMENT_TEAM = 4Y79Z2NR75;
				INFOPLIST_FILE = Example/Info.plist;
				LD_RUNPATH_SEARCH_PATHS = "$(inherited) @executable_path/Frameworks";
				PRODUCT_BUNDLE_IDENTIFIER = com.jjjjaren.Example;
				PRODUCT_NAME = "$(TARGET_NAME)";
				SWIFT_VERSION = 4.2;
				TARGETED_DEVICE_FAMILY = "1,2";
			};
			name = Release;
		};
		37FB3F3B2026534600409472 /* Debug */ = {
			isa = XCBuildConfiguration;
			baseConfigurationReference = 56CD375499BBAB2D6CB8BC1C /* Pods-Tests.debug.xcconfig */;
			buildSettings = {
				BUNDLE_LOADER = "$(TEST_HOST)";
				CODE_SIGN_STYLE = Automatic;
				DEVELOPMENT_TEAM = 4Y79Z2NR75;
				INFOPLIST_FILE = Tests/Info.plist;
				LD_RUNPATH_SEARCH_PATHS = "$(inherited) @executable_path/Frameworks @loader_path/Frameworks";
				PRODUCT_BUNDLE_IDENTIFIER = com.jjjjaren.Tests;
				PRODUCT_NAME = "$(TARGET_NAME)";
				SWIFT_VERSION = 4.2;
				TARGETED_DEVICE_FAMILY = "1,2";
				TEST_HOST = "$(BUILT_PRODUCTS_DIR)/Example.app/Example";
			};
			name = Debug;
		};
		37FB3F3C2026534600409472 /* Release */ = {
			isa = XCBuildConfiguration;
			baseConfigurationReference = D29D78D92E86477819255BFA /* Pods-Tests.release.xcconfig */;
			buildSettings = {
				BUNDLE_LOADER = "$(TEST_HOST)";
				CODE_SIGN_STYLE = Automatic;
				DEVELOPMENT_TEAM = 4Y79Z2NR75;
				INFOPLIST_FILE = Tests/Info.plist;
				LD_RUNPATH_SEARCH_PATHS = "$(inherited) @executable_path/Frameworks @loader_path/Frameworks";
				PRODUCT_BUNDLE_IDENTIFIER = com.jjjjaren.Tests;
				PRODUCT_NAME = "$(TARGET_NAME)";
				SWIFT_VERSION = 4.2;
				TARGETED_DEVICE_FAMILY = "1,2";
				TEST_HOST = "$(BUILT_PRODUCTS_DIR)/Example.app/Example";
			};
			name = Release;
		};
/* End XCBuildConfiguration section */

/* Begin XCConfigurationList section */
		375D8855200ECEE000CD9D1E /* Build configuration list for PBXProject "TeslaKit" */ = {
			isa = XCConfigurationList;
			buildConfigurations = (
				375D886D200ECEE000CD9D1E /* Debug */,
				375D886E200ECEE000CD9D1E /* Release */,
			);
			defaultConfigurationIsVisible = 0;
			defaultConfigurationName = Release;
		};
		375D886F200ECEE000CD9D1E /* Build configuration list for PBXNativeTarget "TeslaKit" */ = {
			isa = XCConfigurationList;
			buildConfigurations = (
				375D8870200ECEE000CD9D1E /* Debug */,
				375D8871200ECEE000CD9D1E /* Release */,
			);
			defaultConfigurationIsVisible = 0;
			defaultConfigurationName = Release;
		};
		37FB3F2C2026533500409472 /* Build configuration list for PBXNativeTarget "Example" */ = {
			isa = XCConfigurationList;
			buildConfigurations = (
				37FB3F2D2026533500409472 /* Debug */,
				37FB3F2E2026533500409472 /* Release */,
			);
			defaultConfigurationIsVisible = 0;
			defaultConfigurationName = Release;
		};
		37FB3F3A2026534600409472 /* Build configuration list for PBXNativeTarget "Tests" */ = {
			isa = XCConfigurationList;
			buildConfigurations = (
				37FB3F3B2026534600409472 /* Debug */,
				37FB3F3C2026534600409472 /* Release */,
			);
			defaultConfigurationIsVisible = 0;
			defaultConfigurationName = Release;
		};
/* End XCConfigurationList section */
	};
	rootObject = 375D8852200ECEE000CD9D1E /* Project object */;
}
